
Microsoft Visual Studio Solution File, Format Version 12.00
# Visual Studio Version 17
VisualStudioVersion = 17.5.002.0
MinimumVisualStudioVersion = 10.0.40219.1
Project("{9A19103F-16F7-4668-BE54-9A1E7A4F7556}") = "BlazorDoom", "BlazorDoom.csproj", "{0F89BFB2-C772-4854-9032-E6CEADD32F82}"
EndProject
Global
	GlobalSection(SolutionConfigurationPlatforms) = preSolution
		Debug|Any CPU = Debug|Any CPU
		Release|Any CPU = Release|Any CPU
	EndGlobalSection
	GlobalSection(ProjectConfigurationPlatforms) = postSolution
		{0F89BFB2-C772-4854-9032-E6CEADD32F82}.Debug|Any CPU.ActiveCfg = Debug|Any CPU
		{0F89BFB2-C772-4854-9032-E6CEADD32F82}.Debug|Any CPU.Build.0 = Debug|Any CPU
		{0F89BFB2-C772-4854-9032-E6CEADD32F82}.Release|Any CPU.ActiveCfg = Release|Any CPU
		{0F89BFB2-C772-4854-9032-E6CEADD32F82}.Release|Any CPU.Build.0 = Release|Any CPU
	EndGlobalSection
	GlobalSection(SolutionProperties) = preSolution
		HideSolutionNode = FALSE
	EndGlobalSection
	GlobalSection(ExtensibilityGlobals) = postSolution
		SolutionGuid = {670F8183-C93E-455D-B01C-D00757FD4F97}
	EndGlobalSection
EndGlobal
